
Microsoft Visual Studio Solution File, Format Version 12.00
# Visual Studio Version 17
VisualStudioVersion = 17.7.34031.279
MinimumVisualStudioVersion = 10.0.40219.1
Project("{9A19103F-16F7-4668-BE54-9A1E7A4F7556}") = "CraneSim", "CraneSim\CraneSim.csproj", "{FBE31DD2-EE56-4890-B3B0-484E9B28060E}"
EndProject
Project("{9A19103F-16F7-4668-BE54-9A1E7A4F7556}") = "Trolley", "Trolley\Trolley.csproj", "{1C20E0B1-D331-4AE1-9934-643E07B583A8}"
EndProject
Project("{FAE04EC0-301F-11D3-BF4B-00C04F79EFBC}") = "MQTTTemplate", "MQTTTemplate\MQTTTemplate.csproj", "{D4018275-953F-4596-AC43-8CADE3B3D6E5}"
EndProject
Global
	GlobalSection(SolutionConfigurationPlatforms) = preSolution
		Debug|Any CPU = Debug|Any CPU
		Release|Any CPU = Release|Any CPU
	EndGlobalSection
	GlobalSection(ProjectConfigurationPlatforms) = postSolution
		{FBE31DD2-EE56-4890-B3B0-484E9B28060E}.Debug|Any CPU.ActiveCfg = Debug|Any CPU
		{FBE31DD2-EE56-4890-B3B0-484E9B28060E}.Debug|Any CPU.Build.0 = Debug|Any CPU
		{FBE31DD2-EE56-4890-B3B0-484E9B28060E}.Release|Any CPU.ActiveCfg = Release|Any CPU
		{FBE31DD2-EE56-4890-B3B0-484E9B28060E}.Release|Any CPU.Build.0 = Release|Any CPU
		{1C20E0B1-D331-4AE1-9934-643E07B583A8}.Debug|Any CPU.ActiveCfg = Debug|Any CPU
		{1C20E0B1-D331-4AE1-9934-643E07B583A8}.Debug|Any CPU.Build.0 = Debug|Any CPU
		{1C20E0B1-D331-4AE1-9934-643E07B583A8}.Release|Any CPU.ActiveCfg = Release|Any CPU
		{1C20E0B1-D331-4AE1-9934-643E07B583A8}.Release|Any CPU.Build.0 = Release|Any CPU
		{D4018275-953F-4596-AC43-8CADE3B3D6E5}.Debug|Any CPU.ActiveCfg = Debug|Any CPU
		{D4018275-953F-4596-AC43-8CADE3B3D6E5}.Debug|Any CPU.Build.0 = Debug|Any CPU
		{D4018275-953F-4596-AC43-8CADE3B3D6E5}.Release|Any CPU.ActiveCfg = Release|Any CPU
		{D4018275-953F-4596-AC43-8CADE3B3D6E5}.Release|Any CPU.Build.0 = Release|Any CPU
	EndGlobalSection
	GlobalSection(SolutionProperties) = preSolution
		HideSolutionNode = FALSE
	EndGlobalSection
	GlobalSection(ExtensibilityGlobals) = postSolution
		SolutionGuid = {2C3CCF3C-472C-491E-A991-A96F5D33D70D}
	EndGlobalSection
EndGlobal
